
Microsoft Visual Studio Solution File, Format Version 12.00
# Visual Studio Version 16
VisualStudioVersion = 16.0.29411.108
MinimumVisualStudioVersion = 10.0.40219.1
Project("{FAE04EC0-301F-11D3-BF4B-00C04F79EFBC}") = "Model", "Model\Model.csproj", "{C1D1DBA8-80A8-498B-986C-D5571806FE25}"
EndProject
Project("{FAE04EC0-301F-11D3-BF4B-00C04F79EFBC}") = "Server", "Server\Server.csproj", "{BB24D0F6-8341-4CAB-AA1C-ED53872E390F}"
EndProject
Project("{FAE04EC0-301F-11D3-BF4B-00C04F79EFBC}") = "ClientGUI", "ClientGUI\ClientGUI.csproj", "{2587DCDA-0E47-4E7B-A0D0-D90D45C8E67D}"
EndProject
Global
	GlobalSection(SolutionConfigurationPlatforms) = preSolution
		Debug|Any CPU = Debug|Any CPU
		Release|Any CPU = Release|Any CPU
	EndGlobalSection
	GlobalSection(ProjectConfigurationPlatforms) = postSolution
		{C1D1DBA8-80A8-498B-986C-D5571806FE25}.Debug|Any CPU.ActiveCfg = Debug|Any CPU
		{C1D1DBA8-80A8-498B-986C-D5571806FE25}.Debug|Any CPU.Build.0 = Debug|Any CPU
		{C1D1DBA8-80A8-498B-986C-D5571806FE25}.Release|Any CPU.ActiveCfg = Release|Any CPU
		{C1D1DBA8-80A8-498B-986C-D5571806FE25}.Release|Any CPU.Build.0 = Release|Any CPU
		{BB24D0F6-8341-4CAB-AA1C-ED53872E390F}.Debug|Any CPU.ActiveCfg = Debug|Any CPU
		{BB24D0F6-8341-4CAB-AA1C-ED53872E390F}.Debug|Any CPU.Build.0 = Debug|Any CPU
		{BB24D0F6-8341-4CAB-AA1C-ED53872E390F}.Release|Any CPU.ActiveCfg = Release|Any CPU
		{BB24D0F6-8341-4CAB-AA1C-ED53872E390F}.Release|Any CPU.Build.0 = Release|Any CPU
		{2587DCDA-0E47-4E7B-A0D0-D90D45C8E67D}.Debug|Any CPU.ActiveCfg = Debug|Any CPU
		{2587DCDA-0E47-4E7B-A0D0-D90D45C8E67D}.Debug|Any CPU.Build.0 = Debug|Any CPU
		{2587DCDA-0E47-4E7B-A0D0-D90D45C8E67D}.Release|Any CPU.ActiveCfg = Release|Any CPU
		{2587DCDA-0E47-4E7B-A0D0-D90D45C8E67D}.Release|Any CPU.Build.0 = Release|Any CPU
	EndGlobalSection
	GlobalSection(SolutionProperties) = preSolution
		HideSolutionNode = FALSE
	EndGlobalSection
	GlobalSection(ExtensibilityGlobals) = postSolution
		SolutionGuid = {7D475E4E-3CC3-46B8-AA17-7EA3321DFE60}
	EndGlobalSection
EndGlobal
